
Microsoft Visual Studio Solution File, Format Version 12.00
# Visual Studio Version 17
VisualStudioVersion = 17.0.31903.59
MinimumVisualStudioVersion = 10.0.40219.1
Project("{2150E333-8FDC-42A3-9474-1A3956D46DE8}") = "src", "src", "{0BB52DF7-2230-484F-9320-5070C240C25E}"
EndProject
Project("{F2A71F9B-5D33-465A-A702-920D77279786}") = "Library", "src\Library\Library.fsproj", "{AA40A6EB-43D4-4CD3-9D27-30845022160F}"
EndProject
Project("{F2A71F9B-5D33-465A-A702-920D77279786}") = "Day1", "src\Day1\Day1.fsproj", "{997007BF-2E5F-447C-B22A-52C7DB780E08}"
EndProject
Project("{F2A71F9B-5D33-465A-A702-920D77279786}") = "Day2", "src\Day2\Day2.fsproj", "{A7882E24-3B0C-4E40-AD81-82CAF103D2BC}"
EndProject
Project("{F2A71F9B-5D33-465A-A702-920D77279786}") = "Day3", "src\Day3\Day3.fsproj", "{5E1915FF-BECB-4D9E-A310-C310D032A01C}"
EndProject
Project("{F2A71F9B-5D33-465A-A702-920D77279786}") = "Day4", "src\Day4\Day4.fsproj", "{8D8CB3F6-5342-417E-8DA4-9F146879178B}"
EndProject
Project("{F2A71F9B-5D33-465A-A702-920D77279786}") = "Day5", "src\Day5\Day5.fsproj", "{992CA319-026D-4DE0-AF99-0A95B70D47DB}"
EndProject
Project("{F2A71F9B-5D33-465A-A702-920D77279786}") = "Day6", "src\Day6\Day6.fsproj", "{9D2569D4-7D65-4754-9B0A-632654776071}"
EndProject
Project("{F2A71F9B-5D33-465A-A702-920D77279786}") = "Day8", "src\Day8\Day8.fsproj", "{FA94119A-B47F-46CF-82DD-84708936D11E}"
EndProject
Global
	GlobalSection(SolutionConfigurationPlatforms) = preSolution
		Debug|Any CPU = Debug|Any CPU
		Release|Any CPU = Release|Any CPU
	EndGlobalSection
	GlobalSection(SolutionProperties) = preSolution
		HideSolutionNode = FALSE
	EndGlobalSection
	GlobalSection(ProjectConfigurationPlatforms) = postSolution
		{AA40A6EB-43D4-4CD3-9D27-30845022160F}.Debug|Any CPU.ActiveCfg = Debug|Any CPU
		{AA40A6EB-43D4-4CD3-9D27-30845022160F}.Debug|Any CPU.Build.0 = Debug|Any CPU
		{AA40A6EB-43D4-4CD3-9D27-30845022160F}.Release|Any CPU.ActiveCfg = Release|Any CPU
		{AA40A6EB-43D4-4CD3-9D27-30845022160F}.Release|Any CPU.Build.0 = Release|Any CPU
		{997007BF-2E5F-447C-B22A-52C7DB780E08}.Debug|Any CPU.ActiveCfg = Debug|Any CPU
		{997007BF-2E5F-447C-B22A-52C7DB780E08}.Debug|Any CPU.Build.0 = Debug|Any CPU
		{997007BF-2E5F-447C-B22A-52C7DB780E08}.Release|Any CPU.ActiveCfg = Release|Any CPU
		{997007BF-2E5F-447C-B22A-52C7DB780E08}.Release|Any CPU.Build.0 = Release|Any CPU
		{A7882E24-3B0C-4E40-AD81-82CAF103D2BC}.Debug|Any CPU.ActiveCfg = Debug|Any CPU
		{A7882E24-3B0C-4E40-AD81-82CAF103D2BC}.Debug|Any CPU.Build.0 = Debug|Any CPU
		{A7882E24-3B0C-4E40-AD81-82CAF103D2BC}.Release|Any CPU.ActiveCfg = Release|Any CPU
		{A7882E24-3B0C-4E40-AD81-82CAF103D2BC}.Release|Any CPU.Build.0 = Release|Any CPU
		{5E1915FF-BECB-4D9E-A310-C310D032A01C}.Debug|Any CPU.ActiveCfg = Debug|Any CPU
		{5E1915FF-BECB-4D9E-A310-C310D032A01C}.Debug|Any CPU.Build.0 = Debug|Any CPU
		{5E1915FF-BECB-4D9E-A310-C310D032A01C}.Release|Any CPU.ActiveCfg = Release|Any CPU
		{5E1915FF-BECB-4D9E-A310-C310D032A01C}.Release|Any CPU.Build.0 = Release|Any CPU
		{8D8CB3F6-5342-417E-8DA4-9F146879178B}.Debug|Any CPU.ActiveCfg = Debug|Any CPU
		{8D8CB3F6-5342-417E-8DA4-9F146879178B}.Debug|Any CPU.Build.0 = Debug|Any CPU
		{8D8CB3F6-5342-417E-8DA4-9F146879178B}.Release|Any CPU.ActiveCfg = Release|Any CPU
		{8D8CB3F6-5342-417E-8DA4-9F146879178B}.Release|Any CPU.Build.0 = Release|Any CPU
		{992CA319-026D-4DE0-AF99-0A95B70D47DB}.Debug|Any CPU.ActiveCfg = Debug|Any CPU
		{992CA319-026D-4DE0-AF99-0A95B70D47DB}.Debug|Any CPU.Build.0 = Debug|Any CPU
		{992CA319-026D-4DE0-AF99-0A95B70D47DB}.Release|Any CPU.ActiveCfg = Release|Any CPU
		{992CA319-026D-4DE0-AF99-0A95B70D47DB}.Release|Any CPU.Build.0 = Release|Any CPU
		{9D2569D4-7D65-4754-9B0A-632654776071}.Debug|Any CPU.ActiveCfg = Debug|Any CPU
		{9D2569D4-7D65-4754-9B0A-632654776071}.Debug|Any CPU.Build.0 = Debug|Any CPU
		{9D2569D4-7D65-4754-9B0A-632654776071}.Release|Any CPU.ActiveCfg = Release|Any CPU
		{9D2569D4-7D65-4754-9B0A-632654776071}.Release|Any CPU.Build.0 = Release|Any CPU
		{FA94119A-B47F-46CF-82DD-84708936D11E}.Debug|Any CPU.ActiveCfg = Debug|Any CPU
		{FA94119A-B47F-46CF-82DD-84708936D11E}.Debug|Any CPU.Build.0 = Debug|Any CPU
		{FA94119A-B47F-46CF-82DD-84708936D11E}.Release|Any CPU.ActiveCfg = Release|Any CPU
		{FA94119A-B47F-46CF-82DD-84708936D11E}.Release|Any CPU.Build.0 = Release|Any CPU
	EndGlobalSection
	GlobalSection(NestedProjects) = preSolution
		{AA40A6EB-43D4-4CD3-9D27-30845022160F} = {0BB52DF7-2230-484F-9320-5070C240C25E}
		{997007BF-2E5F-447C-B22A-52C7DB780E08} = {0BB52DF7-2230-484F-9320-5070C240C25E}
		{A7882E24-3B0C-4E40-AD81-82CAF103D2BC} = {0BB52DF7-2230-484F-9320-5070C240C25E}
		{5E1915FF-BECB-4D9E-A310-C310D032A01C} = {0BB52DF7-2230-484F-9320-5070C240C25E}
		{8D8CB3F6-5342-417E-8DA4-9F146879178B} = {0BB52DF7-2230-484F-9320-5070C240C25E}
		{992CA319-026D-4DE0-AF99-0A95B70D47DB} = {0BB52DF7-2230-484F-9320-5070C240C25E}
		{9D2569D4-7D65-4754-9B0A-632654776071} = {0BB52DF7-2230-484F-9320-5070C240C25E}
		{FA94119A-B47F-46CF-82DD-84708936D11E} = {0BB52DF7-2230-484F-9320-5070C240C25E}
	EndGlobalSection
EndGlobal
